
Microsoft Visual Studio Solution File, Format Version 12.00
# Visual Studio Version 17
VisualStudioVersion = 17.4.33213.308
MinimumVisualStudioVersion = 10.0.40219.1
Project("{FAE04EC0-301F-11D3-BF4B-00C04F79EFBC}") = "Flexion", "Flexion.csproj", "{1059F77E-148A-41E3-92E9-594F29074762}"
EndProject
Project("{FAE04EC0-301F-11D3-BF4B-00C04F79EFBC}") = "FlexionTests", "FlexionTests\FlexionTests.csproj", "{C3AC8901-DCF2-47FF-8200-F9A9D180F7C7}"
EndProject
Global
	GlobalSection(SolutionConfigurationPlatforms) = preSolution
		Debug|Any CPU = Debug|Any CPU
		Release|Any CPU = Release|Any CPU
	EndGlobalSection
	GlobalSection(ProjectConfigurationPlatforms) = postSolution
		{1059F77E-148A-41E3-92E9-594F29074762}.Debug|Any CPU.ActiveCfg = Debug|Any CPU
		{1059F77E-148A-41E3-92E9-594F29074762}.Debug|Any CPU.Build.0 = Debug|Any CPU
		{1059F77E-148A-41E3-92E9-594F29074762}.Release|Any CPU.ActiveCfg = Release|Any CPU
		{1059F77E-148A-41E3-92E9-594F29074762}.Release|Any CPU.Build.0 = Release|Any CPU
		{C3AC8901-DCF2-47FF-8200-F9A9D180F7C7}.Debug|Any CPU.ActiveCfg = Debug|Any CPU
		{C3AC8901-DCF2-47FF-8200-F9A9D180F7C7}.Debug|Any CPU.Build.0 = Debug|Any CPU
		{C3AC8901-DCF2-47FF-8200-F9A9D180F7C7}.Release|Any CPU.ActiveCfg = Release|Any CPU
		{C3AC8901-DCF2-47FF-8200-F9A9D180F7C7}.Release|Any CPU.Build.0 = Release|Any CPU
	EndGlobalSection
	GlobalSection(SolutionProperties) = preSolution
		HideSolutionNode = FALSE
	EndGlobalSection
	GlobalSection(ExtensibilityGlobals) = postSolution
		SolutionGuid = {DE7849B3-4833-4A8F-80B8-43813D8E1E2C}
	EndGlobalSection
EndGlobal
